<?xml version="1.0" encoding="UTF-8"?>
<!DOCTYPE plist PUBLIC "-//Apple//DTD PLIST 1.0//EN" "http://www.apple.com/DTDs/PropertyList-1.0.dtd">
<plist version="1.0">
<dict>
	<key>archiveVersion</key>
	<string>1</string>
	<key>classes</key>
	<dict/>
	<key>objectVersion</key>
	<string>46</string>
	<key>objects</key>
	<dict>
		<key>0E14BA0F1A155E3200E156ED</key>
		<dict>
			<key>children</key>
			<array>
				<string>0E1E77951A156ED1004DD401</string>
				<string>0E14BA1A1A155E3200E156ED</string>
				<string>0E14BA301A155E3200E156ED</string>
				<string>0E14BA191A155E3200E156ED</string>
				<string>EF3E4230BE5AD1C1C4A7D31B</string>
				<string>EFAC8CF3EA417164AFCF3FAE</string>
			</array>
			<key>isa</key>
			<string>PBXGroup</string>
			<key>sourceTree</key>
			<string>&lt;group&gt;</string>
		</dict>
		<key>0E14BA101A155E3200E156ED</key>
		<dict>
			<key>attributes</key>
			<dict>
				<key>LastUpgradeCheck</key>
				<string>0610</string>
				<key>ORGANIZATIONNAME</key>
				<string>Eric S Kuhn</string>
				<key>TargetAttributes</key>
				<dict>
					<key>0E14BA171A155E3200E156ED</key>
					<dict>
						<key>CreatedOnToolsVersion</key>
						<string>6.1</string>
					</dict>
					<key>0E14BA2C1A155E3200E156ED</key>
					<dict>
						<key>CreatedOnToolsVersion</key>
						<string>6.1</string>
						<key>TestTargetID</key>
						<string>0E14BA171A155E3200E156ED</string>
					</dict>
				</dict>
			</dict>
			<key>buildConfigurationList</key>
			<string>0E14BA131A155E3200E156ED</string>
			<key>compatibilityVersion</key>
			<string>Xcode 3.2</string>
			<key>developmentRegion</key>
			<string>English</string>
			<key>hasScannedForEncodings</key>
			<string>0</string>
			<key>isa</key>
			<string>PBXProject</string>
			<key>knownRegions</key>
			<array>
				<string>en</string>
				<string>Base</string>
			</array>
			<key>mainGroup</key>
			<string>0E14BA0F1A155E3200E156ED</string>
			<key>productRefGroup</key>
			<string>0E14BA191A155E3200E156ED</string>
			<key>projectDirPath</key>
			<string></string>
			<key>projectReferences</key>
			<array/>
			<key>projectRoot</key>
			<string></string>
			<key>targets</key>
			<array>
				<string>0E14BA171A155E3200E156ED</string>
				<string>0E14BA2C1A155E3200E156ED</string>
			</array>
		</dict>
		<key>0E14BA131A155E3200E156ED</key>
		<dict>
			<key>buildConfigurations</key>
			<array>
				<string>0E14BA351A155E3200E156ED</string>
				<string>0E14BA361A155E3200E156ED</string>
			</array>
			<key>defaultConfigurationIsVisible</key>
			<string>0</string>
			<key>defaultConfigurationName</key>
			<string>Release</string>
			<key>isa</key>
			<string>XCConfigurationList</string>
		</dict>
		<key>0E14BA141A155E3200E156ED</key>
		<dict>
			<key>buildActionMask</key>
			<string>2147483647</string>
			<key>files</key>
			<array>
				<string>0E56B4CE1A201F9A002539AF</string>
				<string>0E14BA1E1A155E3200E156ED</string>
				<string>0E56B4D01A218009002539AF</string>
				<string>0E56B4CA1A1FD192002539AF</string>
				<string>0E56B4C61A1E9E28002539AF</string>
			</array>
			<key>isa</key>
			<string>PBXSourcesBuildPhase</string>
			<key>runOnlyForDeploymentPostprocessing</key>
			<string>0</string>
		</dict>
		<key>0E14BA151A155E3200E156ED</key>
		<dict>
			<key>buildActionMask</key>
			<string>2147483647</string>
			<key>files</key>
			<array>
				<string>0EE10D6D1A1D5BD300EF882E</string>
				<string>0EE10D6B1A1D5BCB00EF882E</string>
				<string>0EE10D691A1D5BC400EF882E</string>
				<string>0EE10D671A1D5BBB00EF882E</string>
				<string>0EE10D651A1D5BB400EF882E</string>
				<string>0EE10D631A1D5BAA00EF882E</string>
				<string>0EE10D611A1D5B9F00EF882E</string>
				<string>0EE10D5F1A1D5B9600EF882E</string>
				<string>0EE10D5D1A1D5B8900EF882E</string>
				<string>0EE10D5B1A1D5B8000EF882E</string>
				<string>15227ACF7AE31645E74512BC</string>
			</array>
			<key>isa</key>
			<string>PBXFrameworksBuildPhase</string>
			<key>runOnlyForDeploymentPostprocessing</key>
			<string>0</string>
		</dict>
		<key>0E14BA161A155E3200E156ED</key>
		<dict>
			<key>buildActionMask</key>
			<string>2147483647</string>
			<key>files</key>
			<array>
				<string>0E1E77961A156ED1004DD401</string>
				<string>0E56B4C71A1E9E28002539AF</string>
				<string>0E56B4CB1A1FD192002539AF</string>
				<string>0E14BA281A155E3200E156ED</string>
				<string>0E14BA251A155E3200E156ED</string>
			</array>
			<key>isa</key>
			<string>PBXResourcesBuildPhase</string>
			<key>runOnlyForDeploymentPostprocessing</key>
			<string>0</string>
		</dict>
		<key>0E14BA171A155E3200E156ED</key>
		<dict>
			<key>buildConfigurationList</key>
			<string>0E14BA371A155E3200E156ED</string>
			<key>buildPhases</key>
			<array>
				<string>36B63723963E16300705CBF2</string>
				<string>0E14BA141A155E3200E156ED</string>
				<string>0E14BA151A155E3200E156ED</string>
				<string>0E14BA161A155E3200E156ED</string>
				<string>9CF1F800EE7DFA4986981646</string>
			</array>
			<key>buildRules</key>
			<array/>
			<key>dependencies</key>
			<array/>
			<key>isa</key>
			<string>PBXNativeTarget</string>
			<key>name</key>
			<string>OneMonthProject</string>
			<key>productName</key>
			<string>OneMonthProject</string>
			<key>productReference</key>
			<string>0E14BA181A155E3200E156ED</string>
			<key>productType</key>
			<string>com.apple.product-type.application</string>
		</dict>
		<key>0E14BA181A155E3200E156ED</key>
		<dict>
			<key>explicitFileType</key>
			<string>wrapper.application</string>
			<key>includeInIndex</key>
			<string>0</string>
			<key>isa</key>
			<string>PBXFileReference</string>
			<key>path</key>
			<string>OneMonthProject.app</string>
			<key>sourceTree</key>
			<string>BUILT_PRODUCTS_DIR</string>
		</dict>
		<key>0E14BA191A155E3200E156ED</key>
		<dict>
			<key>children</key>
			<array>
				<string>0E14BA181A155E3200E156ED</string>
				<string>0E14BA2D1A155E3200E156ED</string>
			</array>
			<key>isa</key>
			<string>PBXGroup</string>
			<key>name</key>
			<string>Products</string>
			<key>sourceTree</key>
			<string>&lt;group&gt;</string>
		</dict>
		<key>0E14BA1A1A155E3200E156ED</key>
		<dict>
			<key>children</key>
			<array>
				<string>0E14BA1D1A155E3200E156ED</string>
				<string>0E14BA241A155E3200E156ED</string>
				<string>0E14BA261A155E3200E156ED</string>
				<string>0E56B4C31A1E9E05002539AF</string>
				<string>0E14BA1B1A155E3200E156ED</string>
				<string>0EE10D561A1D3A4500EF882E</string>
				<string>0E56B4CC1A201A55002539AF</string>
				<string>0EE10D591A1D3BC100EF882E</string>
			</array>
			<key>isa</key>
			<string>PBXGroup</string>
			<key>path</key>
			<string>OneMonthProject</string>
			<key>sourceTree</key>
			<string>&lt;group&gt;</string>
		</dict>
		<key>0E14BA1B1A155E3200E156ED</key>
		<dict>
			<key>children</key>
			<array>
				<string>0E14BA1C1A155E3200E156ED</string>
			</array>
			<key>isa</key>
			<string>PBXGroup</string>
			<key>name</key>
			<string>Supporting Files</string>
			<key>sourceTree</key>
			<string>&lt;group&gt;</string>
		</dict>
		<key>0E14BA1C1A155E3200E156ED</key>
		<dict>
			<key>isa</key>
			<string>PBXFileReference</string>
			<key>lastKnownFileType</key>
			<string>text.plist.xml</string>
			<key>path</key>
			<string>Info.plist</string>
			<key>sourceTree</key>
			<string>&lt;group&gt;</string>
		</dict>
		<key>0E14BA1D1A155E3200E156ED</key>
		<dict>
			<key>isa</key>
			<string>PBXFileReference</string>
			<key>lastKnownFileType</key>
			<string>sourcecode.swift</string>
			<key>path</key>
			<string>AppDelegate.swift</string>
			<key>sourceTree</key>
			<string>&lt;group&gt;</string>
		</dict>
		<key>0E14BA1E1A155E3200E156ED</key>
		<dict>
			<key>fileRef</key>
			<string>0E14BA1D1A155E3200E156ED</string>
			<key>isa</key>
			<string>PBXBuildFile</string>
		</dict>
		<key>0E14BA241A155E3200E156ED</key>
		<dict>
			<key>isa</key>
			<string>PBXFileReference</string>
			<key>lastKnownFileType</key>
			<string>folder.assetcatalog</string>
			<key>path</key>
			<string>Images.xcassets</string>
			<key>sourceTree</key>
			<string>&lt;group&gt;</string>
		</dict>
		<key>0E14BA251A155E3200E156ED</key>
		<dict>
			<key>fileRef</key>
			<string>0E14BA241A155E3200E156ED</string>
			<key>isa</key>
			<string>PBXBuildFile</string>
		</dict>
		<key>0E14BA261A155E3200E156ED</key>
		<dict>
			<key>children</key>
			<array>
				<string>0E14BA271A155E3200E156ED</string>
			</array>
			<key>isa</key>
			<string>PBXVariantGroup</string>
			<key>name</key>
			<string>LaunchScreen.xib</string>
			<key>sourceTree</key>
			<string>&lt;group&gt;</string>
		</dict>
		<key>0E14BA271A155E3200E156ED</key>
		<dict>
			<key>isa</key>
			<string>PBXFileReference</string>
			<key>lastKnownFileType</key>
			<string>file.xib</string>
			<key>name</key>
			<string>Base</string>
			<key>path</key>
			<string>Base.lproj/LaunchScreen.xib</string>
			<key>sourceTree</key>
			<string>&lt;group&gt;</string>
		</dict>
		<key>0E14BA281A155E3200E156ED</key>
		<dict>
			<key>fileRef</key>
			<string>0E14BA261A155E3200E156ED</string>
			<key>isa</key>
			<string>PBXBuildFile</string>
		</dict>
		<key>0E14BA291A155E3200E156ED</key>
		<dict>
			<key>buildActionMask</key>
			<string>2147483647</string>
			<key>files</key>
			<array>
				<string>0E14BA341A155E3200E156ED</string>
			</array>
			<key>isa</key>
			<string>PBXSourcesBuildPhase</string>
			<key>runOnlyForDeploymentPostprocessing</key>
			<string>0</string>
		</dict>
		<key>0E14BA2A1A155E3200E156ED</key>
		<dict>
			<key>buildActionMask</key>
			<string>2147483647</string>
			<key>files</key>
			<array/>
			<key>isa</key>
			<string>PBXFrameworksBuildPhase</string>
			<key>runOnlyForDeploymentPostprocessing</key>
			<string>0</string>
		</dict>
		<key>0E14BA2B1A155E3200E156ED</key>
		<dict>
			<key>buildActionMask</key>
			<string>2147483647</string>
			<key>files</key>
			<array/>
			<key>isa</key>
			<string>PBXResourcesBuildPhase</string>
			<key>runOnlyForDeploymentPostprocessing</key>
			<string>0</string>
		</dict>
		<key>0E14BA2C1A155E3200E156ED</key>
		<dict>
			<key>buildConfigurationList</key>
			<string>0E14BA3A1A155E3200E156ED</string>
			<key>buildPhases</key>
			<array>
				<string>0E14BA291A155E3200E156ED</string>
				<string>0E14BA2A1A155E3200E156ED</string>
				<string>0E14BA2B1A155E3200E156ED</string>
			</array>
			<key>buildRules</key>
			<array/>
			<key>dependencies</key>
			<array>
				<string>0E14BA2F1A155E3200E156ED</string>
			</array>
			<key>isa</key>
			<string>PBXNativeTarget</string>
			<key>name</key>
			<string>OneMonthProjectTests</string>
			<key>productName</key>
			<string>OneMonthProjectTests</string>
			<key>productReference</key>
			<string>0E14BA2D1A155E3200E156ED</string>
			<key>productType</key>
			<string>com.apple.product-type.bundle.unit-test</string>
		</dict>
		<key>0E14BA2D1A155E3200E156ED</key>
		<dict>
			<key>explicitFileType</key>
			<string>wrapper.cfbundle</string>
			<key>includeInIndex</key>
			<string>0</string>
			<key>isa</key>
			<string>PBXFileReference</string>
			<key>path</key>
			<string>OneMonthProjectTests.xctest</string>
			<key>sourceTree</key>
			<string>BUILT_PRODUCTS_DIR</string>
		</dict>
		<key>0E14BA2E1A155E3200E156ED</key>
		<dict>
			<key>containerPortal</key>
			<string>0E14BA101A155E3200E156ED</string>
			<key>isa</key>
			<string>PBXContainerItemProxy</string>
			<key>proxyType</key>
			<string>1</string>
			<key>remoteGlobalIDString</key>
			<string>0E14BA171A155E3200E156ED</string>
			<key>remoteInfo</key>
			<string>OneMonthProject</string>
		</dict>
		<key>0E14BA2F1A155E3200E156ED</key>
		<dict>
			<key>isa</key>
			<string>PBXTargetDependency</string>
			<key>target</key>
			<string>0E14BA171A155E3200E156ED</string>
			<key>targetProxy</key>
			<string>0E14BA2E1A155E3200E156ED</string>
		</dict>
		<key>0E14BA301A155E3200E156ED</key>
		<dict>
			<key>children</key>
			<array>
				<string>0E14BA331A155E3200E156ED</string>
				<string>0E14BA311A155E3200E156ED</string>
			</array>
			<key>isa</key>
			<string>PBXGroup</string>
			<key>path</key>
			<string>OneMonthProjectTests</string>
			<key>sourceTree</key>
			<string>&lt;group&gt;</string>
		</dict>
		<key>0E14BA311A155E3200E156ED</key>
		<dict>
			<key>children</key>
			<array>
				<string>0E14BA321A155E3200E156ED</string>
			</array>
			<key>isa</key>
			<string>PBXGroup</string>
			<key>name</key>
			<string>Supporting Files</string>
			<key>sourceTree</key>
			<string>&lt;group&gt;</string>
		</dict>
		<key>0E14BA321A155E3200E156ED</key>
		<dict>
			<key>isa</key>
			<string>PBXFileReference</string>
			<key>lastKnownFileType</key>
			<string>text.plist.xml</string>
			<key>path</key>
			<string>Info.plist</string>
			<key>sourceTree</key>
			<string>&lt;group&gt;</string>
		</dict>
		<key>0E14BA331A155E3200E156ED</key>
		<dict>
			<key>isa</key>
			<string>PBXFileReference</string>
			<key>lastKnownFileType</key>
			<string>sourcecode.swift</string>
			<key>path</key>
			<string>OneMonthProjectTests.swift</string>
			<key>sourceTree</key>
			<string>&lt;group&gt;</string>
		</dict>
		<key>0E14BA341A155E3200E156ED</key>
		<dict>
			<key>fileRef</key>
			<string>0E14BA331A155E3200E156ED</string>
			<key>isa</key>
			<string>PBXBuildFile</string>
		</dict>
		<key>0E14BA351A155E3200E156ED</key>
		<dict>
			<key>buildSettings</key>
			<dict>
				<key>ALWAYS_SEARCH_USER_PATHS</key>
				<string>NO</string>
				<key>CLANG_CXX_LANGUAGE_STANDARD</key>
				<string>gnu++0x</string>
				<key>CLANG_CXX_LIBRARY</key>
				<string>libc++</string>
				<key>CLANG_ENABLE_MODULES</key>
				<string>YES</string>
				<key>CLANG_ENABLE_OBJC_ARC</key>
				<string>YES</string>
				<key>CLANG_WARN_BOOL_CONVERSION</key>
				<string>YES</string>
				<key>CLANG_WARN_CONSTANT_CONVERSION</key>
				<string>YES</string>
				<key>CLANG_WARN_DIRECT_OBJC_ISA_USAGE</key>
				<string>YES_ERROR</string>
				<key>CLANG_WARN_EMPTY_BODY</key>
				<string>YES</string>
				<key>CLANG_WARN_ENUM_CONVERSION</key>
				<string>YES</string>
				<key>CLANG_WARN_INT_CONVERSION</key>
				<string>YES</string>
				<key>CLANG_WARN_OBJC_ROOT_CLASS</key>
				<string>YES_ERROR</string>
				<key>CLANG_WARN_UNREACHABLE_CODE</key>
				<string>YES</string>
				<key>CLANG_WARN__DUPLICATE_METHOD_MATCH</key>
				<string>YES</string>
				<key>CODE_SIGN_IDENTITY[sdk=iphoneos*]</key>
				<string>iPhone Developer</string>
				<key>COPY_PHASE_STRIP</key>
				<string>NO</string>
				<key>ENABLE_STRICT_OBJC_MSGSEND</key>
				<string>YES</string>
				<key>GCC_C_LANGUAGE_STANDARD</key>
				<string>gnu99</string>
				<key>GCC_DYNAMIC_NO_PIC</key>
				<string>NO</string>
				<key>GCC_OPTIMIZATION_LEVEL</key>
				<string>0</string>
				<key>GCC_PREPROCESSOR_DEFINITIONS</key>
				<array>
					<string>DEBUG=1</string>
					<string>$(inherited)</string>
				</array>
				<key>GCC_SYMBOLS_PRIVATE_EXTERN</key>
				<string>NO</string>
				<key>GCC_WARN_64_TO_32_BIT_CONVERSION</key>
				<string>YES</string>
				<key>GCC_WARN_ABOUT_RETURN_TYPE</key>
				<string>YES_ERROR</string>
				<key>GCC_WARN_UNDECLARED_SELECTOR</key>
				<string>YES</string>
				<key>GCC_WARN_UNINITIALIZED_AUTOS</key>
				<string>YES_AGGRESSIVE</string>
				<key>GCC_WARN_UNUSED_FUNCTION</key>
				<string>YES</string>
				<key>GCC_WARN_UNUSED_VARIABLE</key>
				<string>YES</string>
				<key>IPHONEOS_DEPLOYMENT_TARGET</key>
				<string>8.1</string>
				<key>MTL_ENABLE_DEBUG_INFO</key>
				<string>YES</string>
				<key>ONLY_ACTIVE_ARCH</key>
				<string>YES</string>
				<key>SDKROOT</key>
				<string>iphoneos</string>
				<key>SWIFT_OPTIMIZATION_LEVEL</key>
				<string>-Onone</string>
			</dict>
			<key>isa</key>
			<string>XCBuildConfiguration</string>
			<key>name</key>
			<string>Debug</string>
		</dict>
		<key>0E14BA361A155E3200E156ED</key>
		<dict>
			<key>buildSettings</key>
			<dict>
				<key>ALWAYS_SEARCH_USER_PATHS</key>
				<string>NO</string>
				<key>CLANG_CXX_LANGUAGE_STANDARD</key>
				<string>gnu++0x</string>
				<key>CLANG_CXX_LIBRARY</key>
				<string>libc++</string>
				<key>CLANG_ENABLE_MODULES</key>
				<string>YES</string>
				<key>CLANG_ENABLE_OBJC_ARC</key>
				<string>YES</string>
				<key>CLANG_WARN_BOOL_CONVERSION</key>
				<string>YES</string>
				<key>CLANG_WARN_CONSTANT_CONVERSION</key>
				<string>YES</string>
				<key>CLANG_WARN_DIRECT_OBJC_ISA_USAGE</key>
				<string>YES_ERROR</string>
				<key>CLANG_WARN_EMPTY_BODY</key>
				<string>YES</string>
				<key>CLANG_WARN_ENUM_CONVERSION</key>
				<string>YES</string>
				<key>CLANG_WARN_INT_CONVERSION</key>
				<string>YES</string>
				<key>CLANG_WARN_OBJC_ROOT_CLASS</key>
				<string>YES_ERROR</string>
				<key>CLANG_WARN_UNREACHABLE_CODE</key>
				<string>YES</string>
				<key>CLANG_WARN__DUPLICATE_METHOD_MATCH</key>
				<string>YES</string>
				<key>CODE_SIGN_IDENTITY[sdk=iphoneos*]</key>
				<string>iPhone Developer</string>
				<key>COPY_PHASE_STRIP</key>
				<string>YES</string>
				<key>ENABLE_NS_ASSERTIONS</key>
				<string>NO</string>
				<key>ENABLE_STRICT_OBJC_MSGSEND</key>
				<string>YES</string>
				<key>GCC_C_LANGUAGE_STANDARD</key>
				<string>gnu99</string>
				<key>GCC_WARN_64_TO_32_BIT_CONVERSION</key>
				<string>YES</string>
				<key>GCC_WARN_ABOUT_RETURN_TYPE</key>
				<string>YES_ERROR</string>
				<key>GCC_WARN_UNDECLARED_SELECTOR</key>
				<string>YES</string>
				<key>GCC_WARN_UNINITIALIZED_AUTOS</key>
				<string>YES_AGGRESSIVE</string>
				<key>GCC_WARN_UNUSED_FUNCTION</key>
				<string>YES</string>
				<key>GCC_WARN_UNUSED_VARIABLE</key>
				<string>YES</string>
				<key>IPHONEOS_DEPLOYMENT_TARGET</key>
				<string>8.1</string>
				<key>MTL_ENABLE_DEBUG_INFO</key>
				<string>NO</string>
				<key>SDKROOT</key>
				<string>iphoneos</string>
				<key>VALIDATE_PRODUCT</key>
				<string>YES</string>
			</dict>
			<key>isa</key>
			<string>XCBuildConfiguration</string>
			<key>name</key>
			<string>Release</string>
		</dict>
		<key>0E14BA371A155E3200E156ED</key>
		<dict>
			<key>buildConfigurations</key>
			<array>
				<string>0E14BA381A155E3200E156ED</string>
				<string>0E14BA391A155E3200E156ED</string>
			</array>
			<key>defaultConfigurationIsVisible</key>
			<string>0</string>
			<key>defaultConfigurationName</key>
			<string>Release</string>
			<key>isa</key>
			<string>XCConfigurationList</string>
		</dict>
		<key>0E14BA381A155E3200E156ED</key>
		<dict>
			<key>baseConfigurationReference</key>
			<string>9FE873565D85C7913F72F6E6</string>
			<key>buildSettings</key>
			<dict>
				<key>ASSETCATALOG_COMPILER_APPICON_NAME</key>
				<string>AppIcon</string>
				<key>CLANG_ENABLE_MODULES</key>
				<string>YES</string>
				<key>INFOPLIST_FILE</key>
				<string>OneMonthProject/Info.plist</string>
				<key>LD_RUNPATH_SEARCH_PATHS</key>
				<string>$(inherited) @executable_path/Frameworks</string>
				<key>PRODUCT_NAME</key>
				<string>$(TARGET_NAME)</string>
				<key>SWIFT_OBJC_BRIDGING_HEADER</key>
				<string>OneMonthProject/OneMonthProject-Bridging-Header.h</string>
				<key>SWIFT_OPTIMIZATION_LEVEL</key>
				<string>-Onone</string>
			</dict>
			<key>isa</key>
			<string>XCBuildConfiguration</string>
			<key>name</key>
			<string>Debug</string>
		</dict>
		<key>0E14BA391A155E3200E156ED</key>
		<dict>
			<key>baseConfigurationReference</key>
			<string>E611889686FC084BC42ECF83</string>
			<key>buildSettings</key>
			<dict>
				<key>ASSETCATALOG_COMPILER_APPICON_NAME</key>
				<string>AppIcon</string>
				<key>CLANG_ENABLE_MODULES</key>
				<string>YES</string>
				<key>INFOPLIST_FILE</key>
				<string>OneMonthProject/Info.plist</string>
				<key>LD_RUNPATH_SEARCH_PATHS</key>
				<string>$(inherited) @executable_path/Frameworks</string>
				<key>PRODUCT_NAME</key>
				<string>$(TARGET_NAME)</string>
				<key>SWIFT_OBJC_BRIDGING_HEADER</key>
				<string>OneMonthProject/OneMonthProject-Bridging-Header.h</string>
			</dict>
			<key>isa</key>
			<string>XCBuildConfiguration</string>
			<key>name</key>
			<string>Release</string>
		</dict>
		<key>0E14BA3A1A155E3200E156ED</key>
		<dict>
			<key>buildConfigurations</key>
			<array>
				<string>0E14BA3B1A155E3200E156ED</string>
				<string>0E14BA3C1A155E3200E156ED</string>
			</array>
			<key>defaultConfigurationIsVisible</key>
			<string>0</string>
			<key>defaultConfigurationName</key>
			<string>Release</string>
			<key>isa</key>
			<string>XCConfigurationList</string>
		</dict>
		<key>0E14BA3B1A155E3200E156ED</key>
		<dict>
			<key>buildSettings</key>
			<dict>
				<key>BUNDLE_LOADER</key>
				<string>$(TEST_HOST)</string>
				<key>FRAMEWORK_SEARCH_PATHS</key>
				<array>
					<string>$(SDKROOT)/Developer/Library/Frameworks</string>
					<string>$(inherited)</string>
				</array>
				<key>GCC_PREPROCESSOR_DEFINITIONS</key>
				<array>
					<string>DEBUG=1</string>
					<string>$(inherited)</string>
				</array>
				<key>INFOPLIST_FILE</key>
				<string>OneMonthProjectTests/Info.plist</string>
				<key>LD_RUNPATH_SEARCH_PATHS</key>
				<string>$(inherited) @executable_path/Frameworks @loader_path/Frameworks</string>
				<key>PRODUCT_NAME</key>
				<string>$(TARGET_NAME)</string>
				<key>TEST_HOST</key>
				<string>$(BUILT_PRODUCTS_DIR)/OneMonthProject.app/OneMonthProject</string>
			</dict>
			<key>isa</key>
			<string>XCBuildConfiguration</string>
			<key>name</key>
			<string>Debug</string>
		</dict>
		<key>0E14BA3C1A155E3200E156ED</key>
		<dict>
			<key>buildSettings</key>
			<dict>
				<key>BUNDLE_LOADER</key>
				<string>$(TEST_HOST)</string>
				<key>FRAMEWORK_SEARCH_PATHS</key>
				<array>
					<string>$(SDKROOT)/Developer/Library/Frameworks</string>
					<string>$(inherited)</string>
				</array>
				<key>INFOPLIST_FILE</key>
				<string>OneMonthProjectTests/Info.plist</string>
				<key>LD_RUNPATH_SEARCH_PATHS</key>
				<string>$(inherited) @executable_path/Frameworks @loader_path/Frameworks</string>
				<key>PRODUCT_NAME</key>
				<string>$(TARGET_NAME)</string>
				<key>TEST_HOST</key>
				<string>$(BUILT_PRODUCTS_DIR)/OneMonthProject.app/OneMonthProject</string>
			</dict>
			<key>isa</key>
			<string>XCBuildConfiguration</string>
			<key>name</key>
			<string>Release</string>
		</dict>
		<key>0E1E77951A156ED1004DD401</key>
		<dict>
			<key>fileEncoding</key>
			<string>4</string>
			<key>isa</key>
			<string>PBXFileReference</string>
			<key>lastKnownFileType</key>
			<string>text</string>
			<key>path</key>
			<string>Podfile</string>
			<key>sourceTree</key>
			<string>&lt;group&gt;</string>
			<key>xcLanguageSpecificationIdentifier</key>
			<string>xcode.lang.ruby</string>
		</dict>
		<key>0E1E77961A156ED1004DD401</key>
		<dict>
			<key>fileRef</key>
			<string>0E1E77951A156ED1004DD401</string>
			<key>isa</key>
			<string>PBXBuildFile</string>
		</dict>
		<key>0E56B4C31A1E9E05002539AF</key>
		<dict>
			<key>children</key>
			<array>
				<string>0E56B4C41A1E9E28002539AF</string>
				<string>0E56B4C51A1E9E28002539AF</string>
				<string>0E56B4C81A1FD192002539AF</string>
				<string>0E56B4C91A1FD192002539AF</string>
			</array>
			<key>isa</key>
			<string>PBXGroup</string>
			<key>name</key>
			<string>ViewControllers</string>
			<key>sourceTree</key>
			<string>&lt;group&gt;</string>
		</dict>
		<key>0E56B4C41A1E9E28002539AF</key>
		<dict>
			<key>fileEncoding</key>
			<string>4</string>
			<key>isa</key>
			<string>PBXFileReference</string>
			<key>lastKnownFileType</key>
			<string>sourcecode.swift</string>
			<key>path</key>
			<string>StartViewController.swift</string>
			<key>sourceTree</key>
			<string>&lt;group&gt;</string>
		</dict>
		<key>0E56B4C51A1E9E28002539AF</key>
		<dict>
			<key>fileEncoding</key>
			<string>4</string>
			<key>isa</key>
			<string>PBXFileReference</string>
			<key>lastKnownFileType</key>
			<string>file.xib</string>
			<key>path</key>
			<string>StartViewController.xib</string>
			<key>sourceTree</key>
			<string>&lt;group&gt;</string>
		</dict>
		<key>0E56B4C61A1E9E28002539AF</key>
		<dict>
			<key>fileRef</key>
			<string>0E56B4C41A1E9E28002539AF</string>
			<key>isa</key>
			<string>PBXBuildFile</string>
		</dict>
		<key>0E56B4C71A1E9E28002539AF</key>
		<dict>
			<key>fileRef</key>
			<string>0E56B4C51A1E9E28002539AF</string>
			<key>isa</key>
			<string>PBXBuildFile</string>
		</dict>
		<key>0E56B4C81A1FD192002539AF</key>
		<dict>
			<key>fileEncoding</key>
			<string>4</string>
			<key>isa</key>
			<string>PBXFileReference</string>
			<key>lastKnownFileType</key>
			<string>sourcecode.swift</string>
			<key>path</key>
			<string>AuthViewController.swift</string>
			<key>sourceTree</key>
			<string>&lt;group&gt;</string>
		</dict>
		<key>0E56B4C91A1FD192002539AF</key>
		<dict>
			<key>fileEncoding</key>
			<string>4</string>
			<key>isa</key>
			<string>PBXFileReference</string>
			<key>lastKnownFileType</key>
			<string>file.xib</string>
			<key>path</key>
			<string>AuthViewController.xib</string>
			<key>sourceTree</key>
			<string>&lt;group&gt;</string>
		</dict>
		<key>0E56B4CA1A1FD192002539AF</key>
		<dict>
			<key>fileRef</key>
			<string>0E56B4C81A1FD192002539AF</string>
			<key>isa</key>
			<string>PBXBuildFile</string>
		</dict>
		<key>0E56B4CB1A1FD192002539AF</key>
		<dict>
			<key>fileRef</key>
			<string>0E56B4C91A1FD192002539AF</string>
			<key>isa</key>
			<string>PBXBuildFile</string>
		</dict>
		<key>0E56B4CC1A201A55002539AF</key>
		<dict>
			<key>children</key>
			<array>
				<string>0E56B4CD1A201F9A002539AF</string>
				<string>0E56B4CF1A218009002539AF</string>
			</array>
			<key>isa</key>
			<string>PBXGroup</string>
			<key>name</key>
			<string>Extensions</string>
			<key>sourceTree</key>
			<string>&lt;group&gt;</string>
		</dict>
		<key>0E56B4CD1A201F9A002539AF</key>
		<dict>
			<key>fileEncoding</key>
			<string>4</string>
			<key>isa</key>
			<string>PBXFileReference</string>
			<key>lastKnownFileType</key>
			<string>sourcecode.swift</string>
			<key>path</key>
			<string>String+Extensions.swift</string>
			<key>sourceTree</key>
			<string>&lt;group&gt;</string>
		</dict>
		<key>0E56B4CE1A201F9A002539AF</key>
		<dict>
			<key>fileRef</key>
			<string>0E56B4CD1A201F9A002539AF</string>
			<key>isa</key>
			<string>PBXBuildFile</string>
		</dict>
		<key>0E56B4CF1A218009002539AF</key>
		<dict>
			<key>fileEncoding</key>
			<string>4</string>
			<key>isa</key>
			<string>PBXFileReference</string>
			<key>lastKnownFileType</key>
			<string>sourcecode.swift</string>
			<key>path</key>
			<string>UIViewController+Extensions.swift</string>
			<key>sourceTree</key>
			<string>&lt;group&gt;</string>
		</dict>
		<key>0E56B4D01A218009002539AF</key>
		<dict>
			<key>fileRef</key>
			<string>0E56B4CF1A218009002539AF</string>
			<key>isa</key>
			<string>PBXBuildFile</string>
		</dict>
		<key>0EE10D561A1D3A4500EF882E</key>
		<dict>
			<key>isa</key>
			<string>PBXFileReference</string>
			<key>lastKnownFileType</key>
			<string>sourcecode.c.h</string>
			<key>path</key>
			<string>OneMonthProject-Bridging-Header.h</string>
			<key>sourceTree</key>
			<string>&lt;group&gt;</string>
		</dict>
		<key>0EE10D591A1D3BC100EF882E</key>
		<dict>
			<key>children</key>
			<array>
				<string>0EE10D6C1A1D5BD300EF882E</string>
				<string>0EE10D6A1A1D5BCB00EF882E</string>
				<string>0EE10D681A1D5BC400EF882E</string>
				<string>0EE10D661A1D5BBB00EF882E</string>
				<string>0EE10D641A1D5BB400EF882E</string>
				<string>0EE10D621A1D5BAA00EF882E</string>
				<string>0EE10D601A1D5B9F00EF882E</string>
				<string>0EE10D5E1A1D5B9600EF882E</string>
				<string>0EE10D5C1A1D5B8900EF882E</string>
				<string>0EE10D5A1A1D5B8000EF882E</string>
			</array>
			<key>isa</key>
			<string>PBXGroup</string>
			<key>name</key>
			<string>FrameWorks</string>
			<key>sourceTree</key>
			<string>&lt;group&gt;</string>
		</dict>
		<key>0EE10D5A1A1D5B8000EF882E</key>
		<dict>
			<key>isa</key>
			<string>PBXFileReference</string>
			<key>lastKnownFileType</key>
			<string>wrapper.framework</string>
			<key>name</key>
			<string>AudioToolbox.framework</string>
			<key>path</key>
			<string>System/Library/Frameworks/AudioToolbox.framework</string>
			<key>sourceTree</key>
			<string>SDKROOT</string>
		</dict>
		<key>0EE10D5B1A1D5B8000EF882E</key>
		<dict>
			<key>fileRef</key>
			<string>0EE10D5A1A1D5B8000EF882E</string>
			<key>isa</key>
			<string>PBXBuildFile</string>
		</dict>
		<key>0EE10D5C1A1D5B8900EF882E</key>
		<dict>
			<key>isa</key>
			<string>PBXFileReference</string>
			<key>lastKnownFileType</key>
			<string>wrapper.framework</string>
			<key>name</key>
			<string>CFNetwork.framework</string>
			<key>path</key>
			<string>System/Library/Frameworks/CFNetwork.framework</string>
			<key>sourceTree</key>
			<string>SDKROOT</string>
		</dict>
		<key>0EE10D5D1A1D5B8900EF882E</key>
		<dict>
			<key>fileRef</key>
			<string>0EE10D5C1A1D5B8900EF882E</string>
			<key>isa</key>
			<string>PBXBuildFile</string>
		</dict>
		<key>0EE10D5E1A1D5B9600EF882E</key>
		<dict>
			<key>isa</key>
			<string>PBXFileReference</string>
			<key>lastKnownFileType</key>
			<string>wrapper.framework</string>
			<key>name</key>
			<string>CoreGraphics.framework</string>
			<key>path</key>
			<string>System/Library/Frameworks/CoreGraphics.framework</string>
			<key>sourceTree</key>
			<string>SDKROOT</string>
		</dict>
		<key>0EE10D5F1A1D5B9600EF882E</key>
		<dict>
			<key>fileRef</key>
			<string>0EE10D5E1A1D5B9600EF882E</string>
			<key>isa</key>
			<string>PBXBuildFile</string>
		</dict>
		<key>0EE10D601A1D5B9F00EF882E</key>
		<dict>
			<key>isa</key>
			<string>PBXFileReference</string>
			<key>lastKnownFileType</key>
			<string>wrapper.framework</string>
			<key>name</key>
			<string>CoreLocation.framework</string>
			<key>path</key>
			<string>System/Library/Frameworks/CoreLocation.framework</string>
			<key>sourceTree</key>
			<string>SDKROOT</string>
		</dict>
		<key>0EE10D611A1D5B9F00EF882E</key>
		<dict>
			<key>fileRef</key>
			<string>0EE10D601A1D5B9F00EF882E</string>
			<key>isa</key>
			<string>PBXBuildFile</string>
		</dict>
		<key>0EE10D621A1D5BAA00EF882E</key>
		<dict>
			<key>isa</key>
			<string>PBXFileReference</string>
			<key>lastKnownFileType</key>
			<string>wrapper.framework</string>
			<key>name</key>
			<string>Foundation.framework</string>
			<key>path</key>
			<string>System/Library/Frameworks/Foundation.framework</string>
			<key>sourceTree</key>
			<string>SDKROOT</string>
		</dict>
		<key>0EE10D631A1D5BAA00EF882E</key>
		<dict>
			<key>fileRef</key>
			<string>0EE10D621A1D5BAA00EF882E</string>
			<key>isa</key>
			<string>PBXBuildFile</string>
		</dict>
		<key>0EE10D641A1D5BB400EF882E</key>
		<dict>
			<key>isa</key>
			<string>PBXFileReference</string>
			<key>lastKnownFileType</key>
			<string>wrapper.framework</string>
			<key>name</key>
			<string>MobileCoreServices.framework</string>
			<key>path</key>
			<string>System/Library/Frameworks/MobileCoreServices.framework</string>
			<key>sourceTree</key>
			<string>SDKROOT</string>
		</dict>
		<key>0EE10D651A1D5BB400EF882E</key>
		<dict>
			<key>fileRef</key>
			<string>0EE10D641A1D5BB400EF882E</string>
			<key>isa</key>
			<string>PBXBuildFile</string>
		</dict>
		<key>0EE10D661A1D5BBB00EF882E</key>
		<dict>
			<key>isa</key>
			<string>PBXFileReference</string>
			<key>lastKnownFileType</key>
			<string>wrapper.framework</string>
			<key>name</key>
			<string>QuartzCore.framework</string>
			<key>path</key>
			<string>System/Library/Frameworks/QuartzCore.framework</string>
			<key>sourceTree</key>
			<string>SDKROOT</string>
		</dict>
		<key>0EE10D671A1D5BBB00EF882E</key>
		<dict>
			<key>fileRef</key>
			<string>0EE10D661A1D5BBB00EF882E</string>
			<key>isa</key>
			<string>PBXBuildFile</string>
		</dict>
		<key>0EE10D681A1D5BC400EF882E</key>
		<dict>
			<key>isa</key>
			<string>PBXFileReference</string>
			<key>lastKnownFileType</key>
			<string>wrapper.framework</string>
			<key>name</key>
			<string>Security.framework</string>
			<key>path</key>
			<string>System/Library/Frameworks/Security.framework</string>
			<key>sourceTree</key>
			<string>SDKROOT</string>
		</dict>
		<key>0EE10D691A1D5BC400EF882E</key>
		<dict>
			<key>fileRef</key>
			<string>0EE10D681A1D5BC400EF882E</string>
			<key>isa</key>
			<string>PBXBuildFile</string>
		</dict>
		<key>0EE10D6A1A1D5BCB00EF882E</key>
		<dict>
			<key>isa</key>
			<string>PBXFileReference</string>
			<key>lastKnownFileType</key>
			<string>wrapper.framework</string>
			<key>name</key>
			<string>StoreKit.framework</string>
			<key>path</key>
			<string>System/Library/Frameworks/StoreKit.framework</string>
			<key>sourceTree</key>
			<string>SDKROOT</string>
		</dict>
		<key>0EE10D6B1A1D5BCB00EF882E</key>
		<dict>
			<key>fileRef</key>
			<string>0EE10D6A1A1D5BCB00EF882E</string>
			<key>isa</key>
			<string>PBXBuildFile</string>
		</dict>
		<key>0EE10D6C1A1D5BD300EF882E</key>
		<dict>
			<key>isa</key>
			<string>PBXFileReference</string>
			<key>lastKnownFileType</key>
			<string>wrapper.framework</string>
			<key>name</key>
			<string>SystemConfiguration.framework</string>
			<key>path</key>
			<string>System/Library/Frameworks/SystemConfiguration.framework</string>
			<key>sourceTree</key>
			<string>SDKROOT</string>
		</dict>
		<key>0EE10D6D1A1D5BD300EF882E</key>
		<dict>
			<key>fileRef</key>
			<string>0EE10D6C1A1D5BD300EF882E</string>
			<key>isa</key>
			<string>PBXBuildFile</string>
		</dict>
		<key>15227ACF7AE31645E74512BC</key>
		<dict>
			<key>fileRef</key>
			<string>AD86A935A918E03C823348BC</string>
			<key>isa</key>
			<string>PBXBuildFile</string>
		</dict>
		<key>36B63723963E16300705CBF2</key>
		<dict>
			<key>buildActionMask</key>
			<string>2147483647</string>
			<key>files</key>
			<array/>
			<key>inputPaths</key>
			<array/>
			<key>isa</key>
			<string>PBXShellScriptBuildPhase</string>
			<key>name</key>
			<string>Check Pods Manifest.lock</string>
			<key>outputPaths</key>
			<array/>
			<key>runOnlyForDeploymentPostprocessing</key>
			<string>0</string>
			<key>shellPath</key>
			<string>/bin/sh</string>
			<key>shellScript</key>
			<string>diff "${PODS_ROOT}/../Podfile.lock" "${PODS_ROOT}/Manifest.lock" &gt; /dev/null
if [[ $? != 0 ]] ; then
    cat &lt;&lt; EOM
error: The sandbox is not in sync with the Podfile.lock. Run 'pod install' or update your CocoaPods installation.
EOM
    exit 1
fi
</string>
			<key>showEnvVarsInLog</key>
			<string>0</string>
		</dict>
		<key>9CF1F800EE7DFA4986981646</key>
		<dict>
			<key>buildActionMask</key>
			<string>2147483647</string>
			<key>files</key>
			<array/>
			<key>inputPaths</key>
			<array/>
			<key>isa</key>
			<string>PBXShellScriptBuildPhase</string>
			<key>name</key>
			<string>Copy Pods Resources</string>
			<key>outputPaths</key>
			<array/>
			<key>runOnlyForDeploymentPostprocessing</key>
			<string>0</string>
			<key>shellPath</key>
			<string>/bin/sh</string>
			<key>shellScript</key>
			<string>"${SRCROOT}/Pods/Target Support Files/Pods/Pods-resources.sh"
</string>
			<key>showEnvVarsInLog</key>
			<string>0</string>
		</dict>
		<key>9FE873565D85C7913F72F6E6</key>
		<dict>
			<key>includeInIndex</key>
			<string>1</string>
			<key>isa</key>
			<string>PBXFileReference</string>
			<key>lastKnownFileType</key>
			<string>text.xcconfig</string>
			<key>name</key>
			<string>Pods.debug.xcconfig</string>
			<key>path</key>
			<string>Pods/Target Support Files/Pods/Pods.debug.xcconfig</string>
			<key>sourceTree</key>
			<string>&lt;group&gt;</string>
		</dict>
		<key>AD86A935A918E03C823348BC</key>
		<dict>
			<key>explicitFileType</key>
			<string>archive.ar</string>
			<key>includeInIndex</key>
			<string>0</string>
			<key>isa</key>
			<string>PBXFileReference</string>
			<key>path</key>
			<string>libPods.a</string>
			<key>sourceTree</key>
			<string>BUILT_PRODUCTS_DIR</string>
		</dict>
		<key>E611889686FC084BC42ECF83</key>
		<dict>
			<key>includeInIndex</key>
			<string>1</string>
			<key>isa</key>
			<string>PBXFileReference</string>
			<key>lastKnownFileType</key>
			<string>text.xcconfig</string>
			<key>name</key>
			<string>Pods.release.xcconfig</string>
			<key>path</key>
			<string>Pods/Target Support Files/Pods/Pods.release.xcconfig</string>
			<key>sourceTree</key>
			<string>&lt;group&gt;</string>
		</dict>
		<key>EF3E4230BE5AD1C1C4A7D31B</key>
		<dict>
			<key>children</key>
			<array>
				<string>9FE873565D85C7913F72F6E6</string>
				<string>E611889686FC084BC42ECF83</string>
			</array>
			<key>isa</key>
			<string>PBXGroup</string>
			<key>name</key>
			<string>Pods</string>
			<key>sourceTree</key>
			<string>&lt;group&gt;</string>
		</dict>
		<key>EFAC8CF3EA417164AFCF3FAE</key>
		<dict>
			<key>children</key>
			<array>
				<string>AD86A935A918E03C823348BC</string>
			</array>
			<key>isa</key>
			<string>PBXGroup</string>
			<key>name</key>
			<string>Frameworks</string>
			<key>sourceTree</key>
			<string>&lt;group&gt;</string>
		</dict>
	</dict>
	<key>rootObject</key>
	<string>0E14BA101A155E3200E156ED</string>
</dict>
</plist>
